
Microsoft Visual Studio Solution File, Format Version 12.00
# Visual Studio 15
VisualStudioVersion = 15.0.28307.852
MinimumVisualStudioVersion = 10.0.40219.1
Project("{FAE04EC0-301F-11D3-BF4B-00C04F79EFBC}") = "createASimpleDigitalClock", "createASimpleDigitalClock\createASimpleDigitalClock.csproj", "{60C1287D-E4AC-48C8-8D71-C72D579E737A}"
EndProject
Global
	GlobalSection(SolutionConfigurationPlatforms) = preSolution
		Debug|Any CPU = Debug|Any CPU
		Release|Any CPU = Release|Any CPU
	EndGlobalSection
	GlobalSection(ProjectConfigurationPlatforms) = postSolution
		{60C1287D-E4AC-48C8-8D71-C72D579E737A}.Debug|Any CPU.ActiveCfg = Debug|Any CPU
		{60C1287D-E4AC-48C8-8D71-C72D579E737A}.Debug|Any CPU.Build.0 = Debug|Any CPU
		{60C1287D-E4AC-48C8-8D71-C72D579E737A}.Release|Any CPU.ActiveCfg = Release|Any CPU
		{60C1287D-E4AC-48C8-8D71-C72D579E737A}.Release|Any CPU.Build.0 = Release|Any CPU
	EndGlobalSection
	GlobalSection(SolutionProperties) = preSolution
		HideSolutionNode = FALSE
	EndGlobalSection
	GlobalSection(ExtensibilityGlobals) = postSolution
		SolutionGuid = {B37C752C-9CCF-4595-A147-962EC66BDF2B}
	EndGlobalSection
EndGlobal
