
Microsoft Visual Studio Solution File, Format Version 12.00
# Visual Studio 15
VisualStudioVersion = 15.0.28307.852
MinimumVisualStudioVersion = 10.0.40219.1
Project("{FAE04EC0-301F-11D3-BF4B-00C04F79EFBC}") = "currencyConverter", "currencyConverter\currencyConverter.csproj", "{2C0D9C77-961F-4718-8B95-DF36C618FABA}"
EndProject
Global
	GlobalSection(SolutionConfigurationPlatforms) = preSolution
		Debug|Any CPU = Debug|Any CPU
		Release|Any CPU = Release|Any CPU
	EndGlobalSection
	GlobalSection(ProjectConfigurationPlatforms) = postSolution
		{2C0D9C77-961F-4718-8B95-DF36C618FABA}.Debug|Any CPU.ActiveCfg = Debug|Any CPU
		{2C0D9C77-961F-4718-8B95-DF36C618FABA}.Debug|Any CPU.Build.0 = Debug|Any CPU
		{2C0D9C77-961F-4718-8B95-DF36C618FABA}.Release|Any CPU.ActiveCfg = Release|Any CPU
		{2C0D9C77-961F-4718-8B95-DF36C618FABA}.Release|Any CPU.Build.0 = Release|Any CPU
	EndGlobalSection
	GlobalSection(SolutionProperties) = preSolution
		HideSolutionNode = FALSE
	EndGlobalSection
	GlobalSection(ExtensibilityGlobals) = postSolution
		SolutionGuid = {D8BC2236-9285-48BB-81D2-B87E5D757FA3}
	EndGlobalSection
EndGlobal
