
Microsoft Visual Studio Solution File, Format Version 12.00
# Visual Studio 15
VisualStudioVersion = 15.0.28307.852
MinimumVisualStudioVersion = 10.0.40219.1
Project("{FAE04EC0-301F-11D3-BF4B-00C04F79EFBC}") = "HelloBlinky", "HelloBlinky\HelloBlinky.csproj", "{31AB3BA7-DDD0-4715-AFB8-680D0C78ABEB}"
EndProject
Global
	GlobalSection(SolutionConfigurationPlatforms) = preSolution
		Debug|Any CPU = Debug|Any CPU
		Release|Any CPU = Release|Any CPU
	EndGlobalSection
	GlobalSection(ProjectConfigurationPlatforms) = postSolution
		{31AB3BA7-DDD0-4715-AFB8-680D0C78ABEB}.Debug|Any CPU.ActiveCfg = Debug|Any CPU
		{31AB3BA7-DDD0-4715-AFB8-680D0C78ABEB}.Debug|Any CPU.Build.0 = Debug|Any CPU
		{31AB3BA7-DDD0-4715-AFB8-680D0C78ABEB}.Release|Any CPU.ActiveCfg = Release|Any CPU
		{31AB3BA7-DDD0-4715-AFB8-680D0C78ABEB}.Release|Any CPU.Build.0 = Release|Any CPU
	EndGlobalSection
	GlobalSection(SolutionProperties) = preSolution
		HideSolutionNode = FALSE
	EndGlobalSection
	GlobalSection(ExtensibilityGlobals) = postSolution
		SolutionGuid = {6B20B1A9-F91D-4198-8308-8672D2FC61E2}
	EndGlobalSection
EndGlobal
